
Microsoft Visual Studio Solution File, Format Version 12.00
# Visual Studio Version 16
VisualStudioVersion = 16.0.29613.14
MinimumVisualStudioVersion = 10.0.40219.1
Project("{FAE04EC0-301F-11D3-BF4B-00C04F79EFBC}") = "Final", "Final\Final.csproj", "{57DC5691-430D-40B8-BD5D-F6AF750CBDAF}"
EndProject
Global
	GlobalSection(SolutionConfigurationPlatforms) = preSolution
		Debug|Any CPU = Debug|Any CPU
		Release|Any CPU = Release|Any CPU
	EndGlobalSection
	GlobalSection(ProjectConfigurationPlatforms) = postSolution
		{57DC5691-430D-40B8-BD5D-F6AF750CBDAF}.Debug|Any CPU.ActiveCfg = Debug|Any CPU
		{57DC5691-430D-40B8-BD5D-F6AF750CBDAF}.Debug|Any CPU.Build.0 = Debug|Any CPU
		{57DC5691-430D-40B8-BD5D-F6AF750CBDAF}.Release|Any CPU.ActiveCfg = Release|Any CPU
		{57DC5691-430D-40B8-BD5D-F6AF750CBDAF}.Release|Any CPU.Build.0 = Release|Any CPU
	EndGlobalSection
	GlobalSection(SolutionProperties) = preSolution
		HideSolutionNode = FALSE
	EndGlobalSection
	GlobalSection(ExtensibilityGlobals) = postSolution
		SolutionGuid = {26C41E6B-FF69-4355-A2AE-3695BFE0B343}
	EndGlobalSection
EndGlobal
